// !$*UTF8*$!
{
	archiveVersion = 1;
	classes = {
	};
	objectVersion = 46;
	objects = {

/* Begin PBXBuildFile section */
		69A3193B1D7DAF2F000B9F90 /* main.m in Sources */ = {isa = PBXBuildFile; fileRef = 69A3193A1D7DAF2F000B9F90 /* main.m */; };
		69A3193E1D7DAF2F000B9F90 /* AppDelegate.m in Sources */ = {isa = PBXBuildFile; fileRef = 69A3193D1D7DAF2F000B9F90 /* AppDelegate.m */; };
		69A319411D7DAF2F000B9F90 /* ViewController.m in Sources */ = {isa = PBXBuildFile; fileRef = 69A319401D7DAF2F000B9F90 /* ViewController.m */; };
		69A319441D7DAF2F000B9F90 /* Main.storyboard in Resources */ = {isa = PBXBuildFile; fileRef = 69A319421D7DAF2F000B9F90 /* Main.storyboard */; };
		69A319461D7DAF2F000B9F90 /* Assets.xcassets in Resources */ = {isa = PBXBuildFile; fileRef = 69A319451D7DAF2F000B9F90 /* Assets.xcassets */; };
		69A319491D7DAF2F000B9F90 /* LaunchScreen.storyboard in Resources */ = {isa = PBXBuildFile; fileRef = 69A319471D7DAF2F000B9F90 /* LaunchScreen.storyboard */; };
/* End PBXBuildFile section */

/* Begin PBXFileReference section */
		69A319361D7DAF2F000B9F90 /* UI-04-UIScrollView.app */ = {isa = PBXFileReference; explicitFileType = wrapper.application; includeInIndex = 0; path = "UI-04-UIScrollView.app"; sourceTree = BUILT_PRODUCTS_DIR; };
		69A3193A1D7DAF2F000B9F90 /* main.m */ = {isa = PBXFileReference; lastKnownFileType = sourcecode.c.objc; path = main.m; sourceTree = "<group>"; };
		69A3193C1D7DAF2F000B9F90 /* AppDelegate.h */ = {isa = PBXFileReference; lastKnownFileType = sourcecode.c.h; path = AppDelegate.h; sourceTree = "<group>"; };
		69A3193D1D7DAF2F000B9F90 /* AppDelegate.m */ = {isa = PBXFileReference; lastKnownFileType = sourcecode.c.objc; path = AppDelegate.m; sourceTree = "<group>"; };
		69A3193F1D7DAF2F000B9F90 /* ViewController.h */ = {isa = PBXFileReference; lastKnownFileType = sourcecode.c.h; path = ViewController.h; sourceTree = "<group>"; };
		69A319401D7DAF2F000B9F90 /* ViewController.m */ = {isa = PBXFileReference; lastKnownFileType = sourcecode.c.objc; path = ViewController.m; sourceTree = "<group>"; };
		69A319431D7DAF2F000B9F90 /* Base */ = {isa = PBXFileReference; lastKnownFileType = file.storyboard; name = Base; path = Base.lproj/Main.storyboard; sourceTree = "<group>"; };
		69A319451D7DAF2F000B9F90 /* Assets.xcassets */ = {isa = PBXFileReference; lastKnownFileType = folder.assetcatalog; path = Assets.xcassets; sourceTree = "<group>"; };
		69A319481D7DAF2F000B9F90 /* Base */ = {isa = PBXFileReference; lastKnownFileType = file.storyboard; name = Base; path = Base.lproj/LaunchScreen.storyboard; sourceTree = "<group>"; };
		69A3194A1D7DAF2F000B9F90 /* Info.plist */ = {isa = PBXFileReference; lastKnownFileType = text.plist.xml; path = Info.plist; sourceTree = "<group>"; };
/* End PBXFileReference section */

/* Begin PBXFrameworksBuildPhase section */
		69A319331D7DAF2F000B9F90 /* Frameworks */ = {
			isa = PBXFrameworksBuildPhase;
			buildActionMask = 2147483647;
			files = (
			);
			runOnlyForDeploymentPostprocessing = 0;
		};
/* End PBXFrameworksBuildPhase section */

/* Begin PBXGroup section */
		69A3192D1D7DAF2F000B9F90 = {
			isa = PBXGroup;
			children = (
				69A319381D7DAF2F000B9F90 /* UI-04-UIScrollView */,
				69A319371D7DAF2F000B9F90 /* Products */,
			);
			sourceTree = "<group>";
		};
		69A319371D7DAF2F000B9F90 /* Products */ = {
			isa = PBXGroup;
			children = (
				69A319361D7DAF2F000B9F90 /* UI-04-UIScrollView.app */,
			);
			name = Products;
			sourceTree = "<group>";
		};
		69A319381D7DAF2F000B9F90 /* UI-04-UIScrollView */ = {
			isa = PBXGroup;
			children = (
				69A3193C1D7DAF2F000B9F90 /* AppDelegate.h */,
				69A3193D1D7DAF2F000B9F90 /* AppDelegate.m */,
				69A3193F1D7DAF2F000B9F90 /* ViewController.h */,
				69A319401D7DAF2F000B9F90 /* ViewController.m */,
				69A319421D7DAF2F000B9F90 /* Main.storyboard */,
				69A319451D7DAF2F000B9F90 /* Assets.xcassets */,
				69A319471D7DAF2F000B9F90 /* LaunchScreen.storyboard */,
				69A3194A1D7DAF2F000B9F90 /* Info.plist */,
				69A319391D7DAF2F000B9F90 /* Supporting Files */,
			);
			path = "UI-04-UIScrollView";
			sourceTree = "<group>";
		};
		69A319391D7DAF2F000B9F90 /* Supporting Files */ = {
			isa = PBXGroup;
			children = (
				69A3193A1D7DAF2F000B9F90 /* main.m */,
			);
			name = "Supporting Files";
			sourceTree = "<group>";
		};
/* End PBXGroup section */

/* Begin PBXNativeTarget section */
		69A319351D7DAF2F000B9F90 /* UI-04-UIScrollView */ = {
			isa = PBXNativeTarget;
			buildConfigurationList = 69A3194D1D7DAF2F000B9F90 /* Build configuration list for PBXNativeTarget "UI-04-UIScrollView" */;
			buildPhases = (
				69A319321D7DAF2F000B9F90 /* Sources */,
				69A319331D7DAF2F000B9F90 /* Frameworks */,
				69A319341D7DAF2F000B9F90 /* Resources */,
			);
			buildRules = (
			);
			dependencies = (
			);
			name = "UI-04-UIScrollView";
			productName = "UI-04-UIScrollView";
			productReference = 69A319361D7DAF2F000B9F90 /* UI-04-UIScrollView.app */;
			productType = "com.apple.product-type.application";
		};
/* End PBXNativeTarget section */

/* Begin PBXProject section */
		69A3192E1D7DAF2F000B9F90 /* Project object */ = {
			isa = PBXProject;
			attributes = {
				LastUpgradeCheck = 0730;
				ORGANIZATIONNAME = liuxingchen;
				TargetAttributes = {
					69A319351D7DAF2F000B9F90 = {
						CreatedOnToolsVersion = 7.3.1;
						DevelopmentTeam = V5C6PZ5M4W;
					};
				};
			};
			buildConfigurationList = 69A319311D7DAF2F000B9F90 /* Build configuration list for PBXProject "UI-04-UIScrollView" */;
			compatibilityVersion = "Xcode 3.2";
			developmentRegion = English;
			hasScannedForEncodings = 0;
			knownRegions = (
				en,
				Base,
			);
			mainGroup = 69A3192D1D7DAF2F000B9F90;
			productRefGroup = 69A319371D7DAF2F000B9F90 /* Products */;
			projectDirPath = "";
			projectRoot = "";
			targets = (
				69A319351D7DAF2F000B9F90 /* UI-04-UIScrollView */,
			);
		};
/* End PBXProject section */

/* Begin PBXResourcesBuildPhase section */
		69A319341D7DAF2F000B9F90 /* Resources */ = {
			isa = PBXResourcesBuildPhase;
			buildActionMask = 2147483647;
			files = (
				69A319491D7DAF2F000B9F90 /* LaunchScreen.storyboard in Resources */,
				69A319461D7DAF2F000B9F90 /* Assets.xcassets in Resources */,
				69A319441D7DAF2F000B9F90 /* Main.storyboard in Resources */,
			);
			runOnlyForDeploymentPostprocessing = 0;
		};
/* End PBXResourcesBuildPhase section */

/* Begin PBXSourcesBuildPhase section */
		69A319321D7DAF2F000B9F90 /* Sources */ = {
			isa = PBXSourcesBuildPhase;
			buildActionMask = 2147483647;
			files = (
				69A319411D7DAF2F000B9F90 /* ViewController.m in Sources */,
				69A3193E1D7DAF2F000B9F90 /* AppDelegate.m in Sources */,
				69A3193B1D7DAF2F000B9F90 /* main.m in Sources */,
			);
			runOnlyForDeploymentPostprocessing = 0;
		};
/* End PBXSourcesBuildPhase section */

/* Begin PBXVariantGroup section */
		69A319421D7DAF2F000B9F90 /* Main.storyboard */ = {
			isa = PBXVariantGroup;
			children = (
				69A319431D7DAF2F000B9F90 /* Base */,
			);
			name = Main.storyboard;
			sourceTree = "<group>";
		};
		69A319471D7DAF2F000B9F90 /* LaunchScreen.storyboard */ = {
			isa = PBXVariantGroup;
			children = (
				69A319481D7DAF2F000B9F90 /* Base */,
			);
			name = LaunchScreen.storyboard;
			sourceTree = "<group>";
		};
/* End PBXVariantGroup section */

/* Begin XCBuildConfiguration section */
		69A3194B1D7DAF2F000B9F90 /* Debug */ = {
			isa = XCBuildConfiguration;
			buildSettings = {
				ALWAYS_SEARCH_USER_PATHS = NO;
				CLANG_ANALYZER_NONNULL = YES;
				CLANG_CXX_LANGUAGE_STANDARD = "gnu++0x";
				CLANG_CXX_LIBRARY = "libc++";
				CLANG_ENABLE_MODULES = YES;
				CLANG_ENABLE_OBJC_ARC = YES;
				CLANG_WARN_BOOL_CONVERSION = YES;
				CLANG_WARN_CONSTANT_CONVERSION = YES;
				CLANG_WARN_DIRECT_OBJC_ISA_USAGE = YES_ERROR;
				CLANG_WARN_EMPTY_BODY = YES;
				CLANG_WARN_ENUM_CONVERSION = YES;
				CLANG_WARN_INT_CONVERSION = YES;
				CLANG_WARN_OBJC_ROOT_CLASS = YES_ERROR;
				CLANG_WARN_UNREACHABLE_CODE = YES;
				CLANG_WARN__DUPLICATE_METHOD_MATCH = YES;
				"CODE_SIGN_IDENTITY[sdk=iphoneos*]" = "iPhone Developer";
				COPY_PHASE_STRIP = NO;
				DEBUG_INFORMATION_FORMAT = dwarf;
				ENABLE_STRICT_OBJC_MSGSEND = YES;
				ENABLE_TESTABILITY = YES;
				GCC_C_LANGUAGE_STANDARD = gnu99;
				GCC_DYNAMIC_NO_PIC = NO;
				GCC_NO_COMMON_BLOCKS = YES;
				GCC_OPTIMIZATION_LEVEL = 0;
				GCC_PREPROCESSOR_DEFINITIONS = (
					"DEBUG=1",
					"$(inherited)",
				);
				GCC_WARN_64_TO_32_BIT_CONVERSION = YES;
				GCC_WARN_ABOUT_RETURN_TYPE = YES_ERROR;
				GCC_WARN_UNDECLARED_SELECTOR = YES;
				GCC_WARN_UNINITIALIZED_AUTOS = YES_AGGRESSIVE;
				GCC_WARN_UNUSED_FUNCTION = YES;
				GCC_WARN_UNUSED_VARIABLE = YES;
				IPHONEOS_DEPLOYMENT_TARGET = 9.3;
				MTL_ENABLE_DEBUG_INFO = YES;
				ONLY_ACTIVE_ARCH = YES;
				SDKROOT = iphoneos;
			};
			name = Debug;
		};
		69A3194C1D7DAF2F000B9F90 /* Release */ = {
			isa = XCBuildConfiguration;
			buildSettings = {
				ALWAYS_SEARCH_USER_PATHS = NO;
				CLANG_ANALYZER_NONNULL = YES;
				CLANG_CXX_LANGUAGE_STANDARD = "gnu++0x";
				CLANG_CXX_LIBRARY = "libc++";
				CLANG_ENABLE_MODULES = YES;
				CLANG_ENABLE_OBJC_ARC = YES;
				CLANG_WARN_BOOL_CONVERSION = YES;
				CLANG_WARN_CONSTANT_CONVERSION = YES;
				CLANG_WARN_DIRECT_OBJC_ISA_USAGE = YES_ERROR;
				CLANG_WARN_EMPTY_BODY = YES;
				CLANG_WARN_ENUM_CONVERSION = YES;
				CLANG_WARN_INT_CONVERSION = YES;
				CLANG_WARN_OBJC_ROOT_CLASS = YES_ERROR;
				CLANG_WARN_UNREACHABLE_CODE = YES;
				CLANG_WARN__DUPLICATE_METHOD_MATCH = YES;
				"CODE_SIGN_IDENTITY[sdk=iphoneos*]" = "iPhone Developer";
				COPY_PHASE_STRIP = NO;
				DEBUG_INFORMATION_FORMAT = "dwarf-with-dsym";
				ENABLE_NS_ASSERTIONS = NO;
				ENABLE_STRICT_OBJC_MSGSEND = YES;
				GCC_C_LANGUAGE_STANDARD = gnu99;
				GCC_NO_COMMON_BLOCKS = YES;
				GCC_WARN_64_TO_32_BIT_CONVERSION = YES;
				GCC_WARN_ABOUT_RETURN_TYPE = YES_ERROR;
				GCC_WARN_UNDECLARED_SELECTOR = YES;
				GCC_WARN_UNINITIALIZED_AUTOS = YES_AGGRESSIVE;
				GCC_WARN_UNUSED_FUNCTION = YES;
				GCC_WARN_UNUSED_VARIABLE = YES;
				IPHONEOS_DEPLOYMENT_TARGET = 9.3;
				MTL_ENABLE_DEBUG_INFO = NO;
				SDKROOT = iphoneos;
				VALIDATE_PRODUCT = YES;
			};
			name = Release;
		};
		69A3194E1D7DAF2F000B9F90 /* Debug */ = {
			isa = XCBuildConfiguration;
			buildSettings = {
				ASSETCATALOG_COMPILER_APPICON_NAME = AppIcon;
				INFOPLIST_FILE = "UI-04-UIScrollView/Info.plist";
				LD_RUNPATH_SEARCH_PATHS = "$(inherited) @executable_path/Frameworks";
				PRODUCT_BUNDLE_IDENTIFIER = "com.liuxingchen.UI-04-UIScrollView";
				PRODUCT_NAME = "$(TARGET_NAME)";
			};
			name = Debug;
		};
		69A3194F1D7DAF2F000B9F90 /* Release */ = {
			isa = XCBuildConfiguration;
			buildSettings = {
				ASSETCATALOG_COMPILER_APPICON_NAME = AppIcon;
				INFOPLIST_FILE = "UI-04-UIScrollView/Info.plist";
				LD_RUNPATH_SEARCH_PATHS = "$(inherited) @executable_path/Frameworks";
				PRODUCT_BUNDLE_IDENTIFIER = "com.liuxingchen.UI-04-UIScrollView";
				PRODUCT_NAME = "$(TARGET_NAME)";
			};
			name = Release;
		};
/* End XCBuildConfiguration section */

/* Begin XCConfigurationList section */
		69A319311D7DAF2F000B9F90 /* Build configuration list for PBXProject "UI-04-UIScrollView" */ = {
			isa = XCConfigurationList;
			buildConfigurations = (
				69A3194B1D7DAF2F000B9F90 /* Debug */,
				69A3194C1D7DAF2F000B9F90 /* Release */,
			);
			defaultConfigurationIsVisible = 0;
			defaultConfigurationName = Release;
		};
		69A3194D1D7DAF2F000B9F90 /* Build configuration list for PBXNativeTarget "UI-04-UIScrollView" */ = {
			isa = XCConfigurationList;
			buildConfigurations = (
				69A3194E1D7DAF2F000B9F90 /* Debug */,
				69A3194F1D7DAF2F000B9F90 /* Release */,
			);
			defaultConfigurationIsVisible = 0;
		};
/* End XCConfigurationList section */
	};
	rootObject = 69A3192E1D7DAF2F000B9F90 /* Project object */;
}
